
Microsoft Visual Studio Solution File, Format Version 12.00
# Visual Studio Version 16
VisualStudioVersion = 16.0.30907.101
MinimumVisualStudioVersion = 10.0.40219.1
Project("{FAE04EC0-301F-11D3-BF4B-00C04F79EFBC}") = "ClassMetotDemo", "ClassMetotDemo\ClassMetotDemo.csproj", "{088C3C69-DCCA-4577-9CE0-89528539BCBF}"
EndProject
Global
	GlobalSection(SolutionConfigurationPlatforms) = preSolution
		Debug|Any CPU = Debug|Any CPU
		Release|Any CPU = Release|Any CPU
	EndGlobalSection
	GlobalSection(ProjectConfigurationPlatforms) = postSolution
		{088C3C69-DCCA-4577-9CE0-89528539BCBF}.Debug|Any CPU.ActiveCfg = Debug|Any CPU
		{088C3C69-DCCA-4577-9CE0-89528539BCBF}.Debug|Any CPU.Build.0 = Debug|Any CPU
		{088C3C69-DCCA-4577-9CE0-89528539BCBF}.Release|Any CPU.ActiveCfg = Release|Any CPU
		{088C3C69-DCCA-4577-9CE0-89528539BCBF}.Release|Any CPU.Build.0 = Release|Any CPU
	EndGlobalSection
	GlobalSection(SolutionProperties) = preSolution
		HideSolutionNode = FALSE
	EndGlobalSection
	GlobalSection(ExtensibilityGlobals) = postSolution
		SolutionGuid = {E112F951-67BE-4BE9-AA4C-CDF5D25E5204}
	EndGlobalSection
EndGlobal
